{
	"name": "@qnxg/use-request",
	"version": "0.0.12",
	"lockfileVersion": 1,
	"requires": true,
	"dependencies": {
		"@types/lodash": {
			"version": "4.14.149",
			"resolved": "https://registry.npm.taobao.org/@types/lodash/download/@types/lodash-4.14.149.tgz?cache=0&other_urls=https%3A%2F%2Fregistry.npm.taobao.org%2F%40types%2Flodash%2Fdownload%2F%40types%2Flodash-4.14.149.tgz",
			"integrity": "sha1-E0LWPZSMYGKDj7+WEBL3TU5jhEA=",
			"dev": true
		},
		"@types/lodash.debounce": {
			"version": "4.0.6",
			"resolved": "https://registry.npm.taobao.org/@types/lodash.debounce/download/@types/lodash.debounce-4.0.6.tgz",
			"integrity": "sha1-xaIybNPvxGVmxH5MCqJI3A7lfWA=",
			"dev": true,
			"requires": {
				"@types/lodash": "*"
			}
		},
		"@types/lodash.throttle": {
			"version": "4.1.6",
			"resolved": "https://registry.npm.taobao.org/@types/lodash.throttle/download/@types/lodash.throttle-4.1.6.tgz",
			"integrity": "sha1-9bosIiRO5C/2wsSeYUQBqHDBAJw=",
			"dev": true,
			"requires": {
				"@types/lodash": "*"
			}
		},
		"lodash.debounce": {
			"version": "4.0.8",
			"resolved": "https://registry.npm.taobao.org/lodash.debounce/download/lodash.debounce-4.0.8.tgz",
			"integrity": "sha1-gteb/zCmfEAF/9XiUVMArZyk168="
		},
		"lodash.throttle": {
			"version": "4.1.1",
			"resolved": "https://registry.npm.taobao.org/lodash.throttle/download/lodash.throttle-4.1.1.tgz?cache=0&other_urls=https%3A%2F%2Fregistry.npm.taobao.org%2Flodash.throttle%2Fdownload%2Flodash.throttle-4.1.1.tgz",
			"integrity": "sha1-wj6RtxAkKscMN/HhzaknTMOb8vQ="
		}
	}
}
