{
	"name": "@qnxg/request",
	"version": "0.0.12",
	"lockfileVersion": 1,
	"requires": true,
	"dependencies": {
		"@types/qs": {
			"version": "6.9.1",
			"resolved": "https://registry.npm.taobao.org/@types/qs/download/@types/qs-6.9.1.tgz",
			"integrity": "sha1-k3+rMZR2YlbuCfzUC3gXQHWGF+c=",
			"dev": true
		},
		"qs": {
			"version": "6.9.1",
			"resolved": "https://registry.npm.taobao.org/qs/download/qs-6.9.1.tgz",
			"integrity": "sha1-IAgsZct4IjY1qxqerKiHWim/jsk="
		}
	}
}
